
Microsoft Visual Studio Solution File, Format Version 12.00
# Visual Studio Version 16
VisualStudioVersion = 16.0.30611.23
MinimumVisualStudioVersion = 10.0.40219.1
Project("{FAE04EC0-301F-11D3-BF4B-00C04F79EFBC}") = "Campaigns", "Campaigns\Campaigns.csproj", "{15FAE11D-497B-4C18-961C-426F681BDFA8}"
EndProject
Global
	GlobalSection(SolutionConfigurationPlatforms) = preSolution
		Debug|Any CPU = Debug|Any CPU
		Release|Any CPU = Release|Any CPU
	EndGlobalSection
	GlobalSection(ProjectConfigurationPlatforms) = postSolution
		{15FAE11D-497B-4C18-961C-426F681BDFA8}.Debug|Any CPU.ActiveCfg = Debug|Any CPU
		{15FAE11D-497B-4C18-961C-426F681BDFA8}.Debug|Any CPU.Build.0 = Debug|Any CPU
		{15FAE11D-497B-4C18-961C-426F681BDFA8}.Release|Any CPU.ActiveCfg = Release|Any CPU
		{15FAE11D-497B-4C18-961C-426F681BDFA8}.Release|Any CPU.Build.0 = Release|Any CPU
	EndGlobalSection
	GlobalSection(SolutionProperties) = preSolution
		HideSolutionNode = FALSE
	EndGlobalSection
	GlobalSection(ExtensibilityGlobals) = postSolution
		SolutionGuid = {40500EFB-D552-4E05-8432-30B186F760AB}
	EndGlobalSection
EndGlobal
